// !$*UTF8*$!
{
	archiveVersion = 1;
	classes = {
	};
	objectVersion = 50;
	objects = {

/* Begin PBXBuildFile section */
		4DE4272E289295E100B94FE8 /* AppDelegate.swift in Sources */ = {isa = PBXBuildFile; fileRef = 4DE4272D289295E100B94FE8 /* AppDelegate.swift */; };
		4DE42730289295E100B94FE8 /* SceneDelegate.swift in Sources */ = {isa = PBXBuildFile; fileRef = 4DE4272F289295E100B94FE8 /* SceneDelegate.swift */; };
		4DE42732289295E100B94FE8 /* ViewController.swift in Sources */ = {isa = PBXBuildFile; fileRef = 4DE42731289295E100B94FE8 /* ViewController.swift */; };
		4DE42735289295E100B94FE8 /* Main.storyboard in Resources */ = {isa = PBXBuildFile; fileRef = 4DE42733289295E100B94FE8 /* Main.storyboard */; };
		4DE42737289295EC00B94FE8 /* Assets.xcassets in Resources */ = {isa = PBXBuildFile; fileRef = 4DE42736289295EC00B94FE8 /* Assets.xcassets */; };
		4DE4273A289295EC00B94FE8 /* LaunchScreen.storyboard in Resources */ = {isa = PBXBuildFile; fileRef = 4DE42738289295EC00B94FE8 /* LaunchScreen.storyboard */; };
		4DE427432892979100B94FE8 /* mithilesh.jpg in Resources */ = {isa = PBXBuildFile; fileRef = 4DE427422892979100B94FE8 /* mithilesh.jpg */; };
/* End PBXBuildFile section */

/* Begin PBXFileReference section */
		4DE4272A289295E100B94FE8 /* MaskCropper.app */ = {isa = PBXFileReference; explicitFileType = wrapper.application; includeInIndex = 0; path = MaskCropper.app; sourceTree = BUILT_PRODUCTS_DIR; };
		4DE4272D289295E100B94FE8 /* AppDelegate.swift */ = {isa = PBXFileReference; lastKnownFileType = sourcecode.swift; path = AppDelegate.swift; sourceTree = "<group>"; };
		4DE4272F289295E100B94FE8 /* SceneDelegate.swift */ = {isa = PBXFileReference; lastKnownFileType = sourcecode.swift; path = SceneDelegate.swift; sourceTree = "<group>"; };
		4DE42731289295E100B94FE8 /* ViewController.swift */ = {isa = PBXFileReference; lastKnownFileType = sourcecode.swift; path = ViewController.swift; sourceTree = "<group>"; };
		4DE42734289295E100B94FE8 /* Base */ = {isa = PBXFileReference; lastKnownFileType = file.storyboard; name = Base; path = Base.lproj/Main.storyboard; sourceTree = "<group>"; };
		4DE42736289295EC00B94FE8 /* Assets.xcassets */ = {isa = PBXFileReference; lastKnownFileType = folder.assetcatalog; path = Assets.xcassets; sourceTree = "<group>"; };
		4DE42739289295EC00B94FE8 /* Base */ = {isa = PBXFileReference; lastKnownFileType = file.storyboard; name = Base; path = Base.lproj/LaunchScreen.storyboard; sourceTree = "<group>"; };
		4DE4273B289295EC00B94FE8 /* Info.plist */ = {isa = PBXFileReference; lastKnownFileType = text.plist.xml; path = Info.plist; sourceTree = "<group>"; };
		4DE427422892979100B94FE8 /* mithilesh.jpg */ = {isa = PBXFileReference; lastKnownFileType = image.jpeg; path = mithilesh.jpg; sourceTree = "<group>"; };
/* End PBXFileReference section */

/* Begin PBXFrameworksBuildPhase section */
		4DE42727289295E100B94FE8 /* Frameworks */ = {
			isa = PBXFrameworksBuildPhase;
			buildActionMask = 2147483647;
			files = (
			);
			runOnlyForDeploymentPostprocessing = 0;
		};
/* End PBXFrameworksBuildPhase section */

/* Begin PBXGroup section */
		4DE42721289295E100B94FE8 = {
			isa = PBXGroup;
			children = (
				4DE4272C289295E100B94FE8 /* MaskCropper */,
				4DE4272B289295E100B94FE8 /* Products */,
			);
			sourceTree = "<group>";
		};
		4DE4272B289295E100B94FE8 /* Products */ = {
			isa = PBXGroup;
			children = (
				4DE4272A289295E100B94FE8 /* MaskCropper.app */,
			);
			name = Products;
			sourceTree = "<group>";
		};
		4DE4272C289295E100B94FE8 /* MaskCropper */ = {
			isa = PBXGroup;
			children = (
				4DE4272D289295E100B94FE8 /* AppDelegate.swift */,
				4DE4272F289295E100B94FE8 /* SceneDelegate.swift */,
				4DE42731289295E100B94FE8 /* ViewController.swift */,
				4DE427422892979100B94FE8 /* mithilesh.jpg */,
				4DE42733289295E100B94FE8 /* Main.storyboard */,
				4DE42736289295EC00B94FE8 /* Assets.xcassets */,
				4DE42738289295EC00B94FE8 /* LaunchScreen.storyboard */,
				4DE4273B289295EC00B94FE8 /* Info.plist */,
			);
			path = MaskCropper;
			sourceTree = "<group>";
		};
/* End PBXGroup section */

/* Begin PBXNativeTarget section */
		4DE42729289295E100B94FE8 /* MaskCropper */ = {
			isa = PBXNativeTarget;
			buildConfigurationList = 4DE4273E289295EC00B94FE8 /* Build configuration list for PBXNativeTarget "MaskCropper" */;
			buildPhases = (
				4DE42726289295E100B94FE8 /* Sources */,
				4DE42727289295E100B94FE8 /* Frameworks */,
				4DE42728289295E100B94FE8 /* Resources */,
			);
			buildRules = (
			);
			dependencies = (
			);
			name = MaskCropper;
			productName = MaskCropper;
			productReference = 4DE4272A289295E100B94FE8 /* MaskCropper.app */;
			productType = "com.apple.product-type.application";
		};
/* End PBXNativeTarget section */

/* Begin PBXProject section */
		4DE42722289295E100B94FE8 /* Project object */ = {
			isa = PBXProject;
			attributes = {
				LastSwiftUpdateCheck = 1230;
				LastUpgradeCheck = 1230;
				TargetAttributes = {
					4DE42729289295E100B94FE8 = {
						CreatedOnToolsVersion = 12.3;
					};
				};
			};
			buildConfigurationList = 4DE42725289295E100B94FE8 /* Build configuration list for PBXProject "MaskCropper" */;
			compatibilityVersion = "Xcode 9.3";
			developmentRegion = en;
			hasScannedForEncodings = 0;
			knownRegions = (
				en,
				Base,
			);
			mainGroup = 4DE42721289295E100B94FE8;
			productRefGroup = 4DE4272B289295E100B94FE8 /* Products */;
			projectDirPath = "";
			projectRoot = "";
			targets = (
				4DE42729289295E100B94FE8 /* MaskCropper */,
			);
		};
/* End PBXProject section */

/* Begin PBXResourcesBuildPhase section */
		4DE42728289295E100B94FE8 /* Resources */ = {
			isa = PBXResourcesBuildPhase;
			buildActionMask = 2147483647;
			files = (
				4DE4273A289295EC00B94FE8 /* LaunchScreen.storyboard in Resources */,
				4DE42737289295EC00B94FE8 /* Assets.xcassets in Resources */,
				4DE42735289295E100B94FE8 /* Main.storyboard in Resources */,
				4DE427432892979100B94FE8 /* mithilesh.jpg in Resources */,
			);
			runOnlyForDeploymentPostprocessing = 0;
		};
/* End PBXResourcesBuildPhase section */

/* Begin PBXSourcesBuildPhase section */
		4DE42726289295E100B94FE8 /* Sources */ = {
			isa = PBXSourcesBuildPhase;
			buildActionMask = 2147483647;
			files = (
				4DE42732289295E100B94FE8 /* ViewController.swift in Sources */,
				4DE4272E289295E100B94FE8 /* AppDelegate.swift in Sources */,
				4DE42730289295E100B94FE8 /* SceneDelegate.swift in Sources */,
			);
			runOnlyForDeploymentPostprocessing = 0;
		};
/* End PBXSourcesBuildPhase section */

/* Begin PBXVariantGroup section */
		4DE42733289295E100B94FE8 /* Main.storyboard */ = {
			isa = PBXVariantGroup;
			children = (
				4DE42734289295E100B94FE8 /* Base */,
			);
			name = Main.storyboard;
			sourceTree = "<group>";
		};
		4DE42738289295EC00B94FE8 /* LaunchScreen.storyboard */ = {
			isa = PBXVariantGroup;
			children = (
				4DE42739289295EC00B94FE8 /* Base */,
			);
			name = LaunchScreen.storyboard;
			sourceTree = "<group>";
		};
/* End PBXVariantGroup section */

/* Begin XCBuildConfiguration section */
		4DE4273C289295EC00B94FE8 /* Debug */ = {
			isa = XCBuildConfiguration;
			buildSettings = {
				ALWAYS_SEARCH_USER_PATHS = NO;
				CLANG_ANALYZER_NONNULL = YES;
				CLANG_ANALYZER_NUMBER_OBJECT_CONVERSION = YES_AGGRESSIVE;
				CLANG_CXX_LANGUAGE_STANDARD = "gnu++14";
				CLANG_CXX_LIBRARY = "libc++";
				CLANG_ENABLE_MODULES = YES;
				CLANG_ENABLE_OBJC_ARC = YES;
				CLANG_ENABLE_OBJC_WEAK = YES;
				CLANG_WARN_BLOCK_CAPTURE_AUTORELEASING = YES;
				CLANG_WARN_BOOL_CONVERSION = YES;
				CLANG_WARN_COMMA = YES;
				CLANG_WARN_CONSTANT_CONVERSION = YES;
				CLANG_WARN_DEPRECATED_OBJC_IMPLEMENTATIONS = YES;
				CLANG_WARN_DIRECT_OBJC_ISA_USAGE = YES_ERROR;
				CLANG_WARN_DOCUMENTATION_COMMENTS = YES;
				CLANG_WARN_EMPTY_BODY = YES;
				CLANG_WARN_ENUM_CONVERSION = YES;
				CLANG_WARN_INFINITE_RECURSION = YES;
				CLANG_WARN_INT_CONVERSION = YES;
				CLANG_WARN_NON_LITERAL_NULL_CONVERSION = YES;
				CLANG_WARN_OBJC_IMPLICIT_RETAIN_SELF = YES;
				CLANG_WARN_OBJC_LITERAL_CONVERSION = YES;
				CLANG_WARN_OBJC_ROOT_CLASS = YES_ERROR;
				CLANG_WARN_QUOTED_INCLUDE_IN_FRAMEWORK_HEADER = YES;
				CLANG_WARN_RANGE_LOOP_ANALYSIS = YES;
				CLANG_WARN_STRICT_PROTOTYPES = YES;
				CLANG_WARN_SUSPICIOUS_MOVE = YES;
				CLANG_WARN_UNGUARDED_AVAILABILITY = YES_AGGRESSIVE;
				CLANG_WARN_UNREACHABLE_CODE = YES;
				CLANG_WARN__DUPLICATE_METHOD_MATCH = YES;
				COPY_PHASE_STRIP = NO;
				DEBUG_INFORMATION_FORMAT = dwarf;
				ENABLE_STRICT_OBJC_MSGSEND = YES;
				ENABLE_TESTABILITY = YES;
				GCC_C_LANGUAGE_STANDARD = gnu11;
				GCC_DYNAMIC_NO_PIC = NO;
				GCC_NO_COMMON_BLOCKS = YES;
				GCC_OPTIMIZATION_LEVEL = 0;
				GCC_PREPROCESSOR_DEFINITIONS = (
					"DEBUG=1",
					"$(inherited)",
				);
				GCC_WARN_64_TO_32_BIT_CONVERSION = YES;
				GCC_WARN_ABOUT_RETURN_TYPE = YES_ERROR;
				GCC_WARN_UNDECLARED_SELECTOR = YES;
				GCC_WARN_UNINITIALIZED_AUTOS = YES_AGGRESSIVE;
				GCC_WARN_UNUSED_FUNCTION = YES;
				GCC_WARN_UNUSED_VARIABLE = YES;
				IPHONEOS_DEPLOYMENT_TARGET = 14.3;
				MTL_ENABLE_DEBUG_INFO = INCLUDE_SOURCE;
				MTL_FAST_MATH = YES;
				ONLY_ACTIVE_ARCH = YES;
				SDKROOT = iphoneos;
				SWIFT_ACTIVE_COMPILATION_CONDITIONS = DEBUG;
				SWIFT_OPTIMIZATION_LEVEL = "-Onone";
			};
			name = Debug;
		};
		4DE4273D289295EC00B94FE8 /* Release */ = {
			isa = XCBuildConfiguration;
			buildSettings = {
				ALWAYS_SEARCH_USER_PATHS = NO;
				CLANG_ANALYZER_NONNULL = YES;
				CLANG_ANALYZER_NUMBER_OBJECT_CONVERSION = YES_AGGRESSIVE;
				CLANG_CXX_LANGUAGE_STANDARD = "gnu++14";
				CLANG_CXX_LIBRARY = "libc++";
				CLANG_ENABLE_MODULES = YES;
				CLANG_ENABLE_OBJC_ARC = YES;
				CLANG_ENABLE_OBJC_WEAK = YES;
				CLANG_WARN_BLOCK_CAPTURE_AUTORELEASING = YES;
				CLANG_WARN_BOOL_CONVERSION = YES;
				CLANG_WARN_COMMA = YES;
				CLANG_WARN_CONSTANT_CONVERSION = YES;
				CLANG_WARN_DEPRECATED_OBJC_IMPLEMENTATIONS = YES;
				CLANG_WARN_DIRECT_OBJC_ISA_USAGE = YES_ERROR;
				CLANG_WARN_DOCUMENTATION_COMMENTS = YES;
				CLANG_WARN_EMPTY_BODY = YES;
				CLANG_WARN_ENUM_CONVERSION = YES;
				CLANG_WARN_INFINITE_RECURSION = YES;
				CLANG_WARN_INT_CONVERSION = YES;
				CLANG_WARN_NON_LITERAL_NULL_CONVERSION = YES;
				CLANG_WARN_OBJC_IMPLICIT_RETAIN_SELF = YES;
				CLANG_WARN_OBJC_LITERAL_CONVERSION = YES;
				CLANG_WARN_OBJC_ROOT_CLASS = YES_ERROR;
				CLANG_WARN_QUOTED_INCLUDE_IN_FRAMEWORK_HEADER = YES;
				CLANG_WARN_RANGE_LOOP_ANALYSIS = YES;
				CLANG_WARN_STRICT_PROTOTYPES = YES;
				CLANG_WARN_SUSPICIOUS_MOVE = YES;
				CLANG_WARN_UNGUARDED_AVAILABILITY = YES_AGGRESSIVE;
				CLANG_WARN_UNREACHABLE_CODE = YES;
				CLANG_WARN__DUPLICATE_METHOD_MATCH = YES;
				COPY_PHASE_STRIP = NO;
				DEBUG_INFORMATION_FORMAT = "dwarf-with-dsym";
				ENABLE_NS_ASSERTIONS = NO;
				ENABLE_STRICT_OBJC_MSGSEND = YES;
				GCC_C_LANGUAGE_STANDARD = gnu11;
				GCC_NO_COMMON_BLOCKS = YES;
				GCC_WARN_64_TO_32_BIT_CONVERSION = YES;
				GCC_WARN_ABOUT_RETURN_TYPE = YES_ERROR;
				GCC_WARN_UNDECLARED_SELECTOR = YES;
				GCC_WARN_UNINITIALIZED_AUTOS = YES_AGGRESSIVE;
				GCC_WARN_UNUSED_FUNCTION = YES;
				GCC_WARN_UNUSED_VARIABLE = YES;
				IPHONEOS_DEPLOYMENT_TARGET = 14.3;
				MTL_ENABLE_DEBUG_INFO = NO;
				MTL_FAST_MATH = YES;
				SDKROOT = iphoneos;
				SWIFT_COMPILATION_MODE = wholemodule;
				SWIFT_OPTIMIZATION_LEVEL = "-O";
				VALIDATE_PRODUCT = YES;
			};
			name = Release;
		};
		4DE4273F289295EC00B94FE8 /* Debug */ = {
			isa = XCBuildConfiguration;
			buildSettings = {
				ASSETCATALOG_COMPILER_APPICON_NAME = AppIcon;
				ASSETCATALOG_COMPILER_GLOBAL_ACCENT_COLOR_NAME = AccentColor;
				CODE_SIGN_STYLE = Automatic;
				DEVELOPMENT_TEAM = GD5NX3U37G;
				INFOPLIST_FILE = MaskCropper/Info.plist;
				LD_RUNPATH_SEARCH_PATHS = (
					"$(inherited)",
					"@executable_path/Frameworks",
				);
				PRODUCT_BUNDLE_IDENTIFIER = com.appdeveloper.MaskCropper;
				PRODUCT_NAME = "$(TARGET_NAME)";
				SWIFT_VERSION = 5.0;
				TARGETED_DEVICE_FAMILY = "1,2";
			};
			name = Debug;
		};
		4DE42740289295EC00B94FE8 /* Release */ = {
			isa = XCBuildConfiguration;
			buildSettings = {
				ASSETCATALOG_COMPILER_APPICON_NAME = AppIcon;
				ASSETCATALOG_COMPILER_GLOBAL_ACCENT_COLOR_NAME = AccentColor;
				CODE_SIGN_STYLE = Automatic;
				DEVELOPMENT_TEAM = GD5NX3U37G;
				INFOPLIST_FILE = MaskCropper/Info.plist;
				LD_RUNPATH_SEARCH_PATHS = (
					"$(inherited)",
					"@executable_path/Frameworks",
				);
				PRODUCT_BUNDLE_IDENTIFIER = com.appdeveloper.MaskCropper;
				PRODUCT_NAME = "$(TARGET_NAME)";
				SWIFT_VERSION = 5.0;
				TARGETED_DEVICE_FAMILY = "1,2";
			};
			name = Release;
		};
/* End XCBuildConfiguration section */

/* Begin XCConfigurationList section */
		4DE42725289295E100B94FE8 /* Build configuration list for PBXProject "MaskCropper" */ = {
			isa = XCConfigurationList;
			buildConfigurations = (
				4DE4273C289295EC00B94FE8 /* Debug */,
				4DE4273D289295EC00B94FE8 /* Release */,
			);
			defaultConfigurationIsVisible = 0;
			defaultConfigurationName = Release;
		};
		4DE4273E289295EC00B94FE8 /* Build configuration list for PBXNativeTarget "MaskCropper" */ = {
			isa = XCConfigurationList;
			buildConfigurations = (
				4DE4273F289295EC00B94FE8 /* Debug */,
				4DE42740289295EC00B94FE8 /* Release */,
			);
			defaultConfigurationIsVisible = 0;
			defaultConfigurationName = Release;
		};
/* End XCConfigurationList section */
	};
	rootObject = 4DE42722289295E100B94FE8 /* Project object */;
}
